
Microsoft Visual Studio Solution File, Format Version 12.00
# Visual Studio Version 17
VisualStudioVersion = 17.4.33110.190
MinimumVisualStudioVersion = 10.0.40219.1
Project("{FAE04EC0-301F-11D3-BF4B-00C04F79EFBC}") = "VSP_46514z_9", "VSP_46514z_9\VSP_46514z_9.csproj", "{595FA686-82D5-473D-896C-EDC36E8C4564}"
EndProject
Global
	GlobalSection(SolutionConfigurationPlatforms) = preSolution
		Debug|Any CPU = Debug|Any CPU
		Release|Any CPU = Release|Any CPU
	EndGlobalSection
	GlobalSection(ProjectConfigurationPlatforms) = postSolution
		{595FA686-82D5-473D-896C-EDC36E8C4564}.Debug|Any CPU.ActiveCfg = Debug|Any CPU
		{595FA686-82D5-473D-896C-EDC36E8C4564}.Debug|Any CPU.Build.0 = Debug|Any CPU
		{595FA686-82D5-473D-896C-EDC36E8C4564}.Release|Any CPU.ActiveCfg = Release|Any CPU
		{595FA686-82D5-473D-896C-EDC36E8C4564}.Release|Any CPU.Build.0 = Release|Any CPU
	EndGlobalSection
	GlobalSection(SolutionProperties) = preSolution
		HideSolutionNode = FALSE
	EndGlobalSection
	GlobalSection(ExtensibilityGlobals) = postSolution
		SolutionGuid = {CAD593A8-065F-4D19-94F2-A07C4393F8B7}
	EndGlobalSection
EndGlobal
