
Microsoft Visual Studio Solution File, Format Version 12.00
# Visual Studio Version 17
VisualStudioVersion = 17.4.33110.190
MinimumVisualStudioVersion = 10.0.40219.1
Project("{FAE04EC0-301F-11D3-BF4B-00C04F79EFBC}") = "VSP_46514z_8", "VSP_46514z_8\VSP_46514z_8.csproj", "{2088011F-3E9F-42CA-AD3A-F03FA8B17E63}"
EndProject
Global
	GlobalSection(SolutionConfigurationPlatforms) = preSolution
		Debug|Any CPU = Debug|Any CPU
		Release|Any CPU = Release|Any CPU
	EndGlobalSection
	GlobalSection(ProjectConfigurationPlatforms) = postSolution
		{2088011F-3E9F-42CA-AD3A-F03FA8B17E63}.Debug|Any CPU.ActiveCfg = Debug|Any CPU
		{2088011F-3E9F-42CA-AD3A-F03FA8B17E63}.Debug|Any CPU.Build.0 = Debug|Any CPU
		{2088011F-3E9F-42CA-AD3A-F03FA8B17E63}.Release|Any CPU.ActiveCfg = Release|Any CPU
		{2088011F-3E9F-42CA-AD3A-F03FA8B17E63}.Release|Any CPU.Build.0 = Release|Any CPU
	EndGlobalSection
	GlobalSection(SolutionProperties) = preSolution
		HideSolutionNode = FALSE
	EndGlobalSection
	GlobalSection(ExtensibilityGlobals) = postSolution
		SolutionGuid = {3377DD96-DACE-4C23-B234-615F1C9F7437}
	EndGlobalSection
EndGlobal
